
Microsoft Visual Studio Solution File, Format Version 12.00
# Visual Studio Version 16
VisualStudioVersion = 16.0.30413.136
MinimumVisualStudioVersion = 10.0.40219.1
Project("{FAE04EC0-301F-11D3-BF4B-00C04F79EFBC}") = "SalesWebMvc", "SalesWebMvc\SalesWebMvc.csproj", "{4F516513-86C2-43D1-823D-C6C5F85BF788}"
EndProject
Global
	GlobalSection(SolutionConfigurationPlatforms) = preSolution
		Debug|Any CPU = Debug|Any CPU
		Release|Any CPU = Release|Any CPU
	EndGlobalSection
	GlobalSection(ProjectConfigurationPlatforms) = postSolution
		{4F516513-86C2-43D1-823D-C6C5F85BF788}.Debug|Any CPU.ActiveCfg = Debug|Any CPU
		{4F516513-86C2-43D1-823D-C6C5F85BF788}.Debug|Any CPU.Build.0 = Debug|Any CPU
		{4F516513-86C2-43D1-823D-C6C5F85BF788}.Release|Any CPU.ActiveCfg = Release|Any CPU
		{4F516513-86C2-43D1-823D-C6C5F85BF788}.Release|Any CPU.Build.0 = Release|Any CPU
	EndGlobalSection
	GlobalSection(SolutionProperties) = preSolution
		HideSolutionNode = FALSE
	EndGlobalSection
	GlobalSection(ExtensibilityGlobals) = postSolution
		SolutionGuid = {FCE94F37-E708-4A5D-BBAA-147B9D8771A4}
	EndGlobalSection
EndGlobal
